
Microsoft Visual Studio Solution File, Format Version 12.00
# Visual Studio Version 17
VisualStudioVersion = 17.8.34309.116
MinimumVisualStudioVersion = 10.0.40219.1
Project("{FAE04EC0-301F-11D3-BF4B-00C04F79EFBC}") = "Codility-FrogRiverOne", "Codility-FrogRiverOne\Codility-FrogRiverOne.csproj", "{9BEA9785-B36F-41F7-BD39-D389643AD435}"
EndProject
Project("{FAE04EC0-301F-11D3-BF4B-00C04F79EFBC}") = "Codility-FrogRiverOneTests", "Codility-FrogRiverOneTests\Codility-FrogRiverOneTests.csproj", "{94A76C2E-8B2D-459D-AE2C-3BA29B32E9B2}"
EndProject
Global
	GlobalSection(SolutionConfigurationPlatforms) = preSolution
		Debug|Any CPU = Debug|Any CPU
		Release|Any CPU = Release|Any CPU
	EndGlobalSection
	GlobalSection(ProjectConfigurationPlatforms) = postSolution
		{9BEA9785-B36F-41F7-BD39-D389643AD435}.Debug|Any CPU.ActiveCfg = Debug|Any CPU
		{9BEA9785-B36F-41F7-BD39-D389643AD435}.Debug|Any CPU.Build.0 = Debug|Any CPU
		{9BEA9785-B36F-41F7-BD39-D389643AD435}.Release|Any CPU.ActiveCfg = Release|Any CPU
		{9BEA9785-B36F-41F7-BD39-D389643AD435}.Release|Any CPU.Build.0 = Release|Any CPU
		{94A76C2E-8B2D-459D-AE2C-3BA29B32E9B2}.Debug|Any CPU.ActiveCfg = Debug|Any CPU
		{94A76C2E-8B2D-459D-AE2C-3BA29B32E9B2}.Debug|Any CPU.Build.0 = Debug|Any CPU
		{94A76C2E-8B2D-459D-AE2C-3BA29B32E9B2}.Release|Any CPU.ActiveCfg = Release|Any CPU
		{94A76C2E-8B2D-459D-AE2C-3BA29B32E9B2}.Release|Any CPU.Build.0 = Release|Any CPU
	EndGlobalSection
	GlobalSection(SolutionProperties) = preSolution
		HideSolutionNode = FALSE
	EndGlobalSection
	GlobalSection(ExtensibilityGlobals) = postSolution
		SolutionGuid = {A363707E-18E0-48D2-B775-DB4D9FA4A077}
	EndGlobalSection
EndGlobal
